Microsoft Visual Studio Solution File, Format Version 12.00
# Visual Studio Version 16
VisualStudioVersion = 16.0.0.0
MinimumVisualStudioVersion = 16.0.0.0
Project("{9A19103F-16F7-4668-BE54-9A1E7A4F7556}") = "Server", "src\WebCore\Server\Server.csproj", "{9331275D-FC5F-42FC-9E2E-81DC717A2F96}"
EndProject
Project("{9A19103F-16F7-4668-BE54-9A1E7A4F7556}") = "Client", "src\WebCore\Client\Client.csproj", "{09B58477-C3F9-4522-A533-B9F7EC008B8C}"
EndProject
Project("{2150E333-8FDC-42A3-9474-1A3956D46DE8}") = "Plugin", "Plugin", "{1A315A6D-C645-4AD2-A4BA-38E8CFEA68B9}"
EndProject
Project("{FAE04EC0-301F-11D3-BF4B-00C04F79EFBC}") = "BanHub", "src\Plugin\BanHub\BanHub.csproj", "{EF93389D-44A7-481F-A40D-84A99AE2F6C7}"
EndProject
Project("{2150E333-8FDC-42A3-9474-1A3956D46DE8}") = "Solution Files", "Solution Files", "{6F2CCF0F-6AB4-43A2-BA0D-543B7F693B38}"
	ProjectSection(SolutionItems) = preProject
		README.md = README.md
		LICENSE = LICENSE
	EndProjectSection
EndProject
Project("{FAE04EC0-301F-11D3-BF4B-00C04F79EFBC}") = "Domain", "src\Domain\Domain.csproj", "{930DDD7C-82D1-4A64-BFD4-1A9488E035DD}"
EndProject
Project("{2150E333-8FDC-42A3-9474-1A3956D46DE8}") = "src", "src", "{09E0F3EE-A40C-4519-8E16-88AB8710E802}"
EndProject
Project("{FAE04EC0-301F-11D3-BF4B-00C04F79EFBC}") = "Application", "src\Application\Application.csproj", "{0463748B-26E5-4EF8-8C83-57A80150F7EC}"
EndProject
Project("{FAE04EC0-301F-11D3-BF4B-00C04F79EFBC}") = "Infrastructure", "src\Infrastructure\Infrastructure.csproj", "{4D59F058-AD13-4878-BD73-C64B479E7470}"
EndProject
Project("{2150E333-8FDC-42A3-9474-1A3956D46DE8}") = "WebCore", "WebCore", "{897FBA37-1D33-46EA-BCD6-CACDEE6BEDBD}"
EndProject

Global
	GlobalSection(SolutionConfigurationPlatforms) = preSolution
		Debug|Any CPU = Debug|Any CPU
		Debug|x64 = Debug|x64
		Debug|x86 = Debug|x86
		Release|Any CPU = Release|Any CPU
		Release|x64 = Release|x64
		Release|x86 = Release|x86
	EndGlobalSection
	GlobalSection(ProjectConfigurationPlatforms) = postSolution
		{09B58477-C3F9-4522-A533-B9F7EC008B8C}.Debug|Any CPU.ActiveCfg = Debug|Any CPU
		{09B58477-C3F9-4522-A533-B9F7EC008B8C}.Debug|Any CPU.Build.0 = Debug|Any CPU
		{09B58477-C3F9-4522-A533-B9F7EC008B8C}.Debug|x64.ActiveCfg = Debug|Any CPU
		{09B58477-C3F9-4522-A533-B9F7EC008B8C}.Debug|x64.Build.0 = Debug|Any CPU
		{09B58477-C3F9-4522-A533-B9F7EC008B8C}.Debug|x86.ActiveCfg = Debug|Any CPU
		{09B58477-C3F9-4522-A533-B9F7EC008B8C}.Debug|x86.Build.0 = Debug|Any CPU
		{09B58477-C3F9-4522-A533-B9F7EC008B8C}.Release|Any CPU.ActiveCfg = Release|Any CPU
		{09B58477-C3F9-4522-A533-B9F7EC008B8C}.Release|Any CPU.Build.0 = Release|Any CPU
		{09B58477-C3F9-4522-A533-B9F7EC008B8C}.Release|x64.ActiveCfg = Release|Any CPU
		{09B58477-C3F9-4522-A533-B9F7EC008B8C}.Release|x64.Build.0 = Release|Any CPU
		{09B58477-C3F9-4522-A533-B9F7EC008B8C}.Release|x86.ActiveCfg = Release|Any CPU
		{09B58477-C3F9-4522-A533-B9F7EC008B8C}.Release|x86.Build.0 = Release|Any CPU
		{9331275D-FC5F-42FC-9E2E-81DC717A2F96}.Debug|Any CPU.ActiveCfg = Debug|Any CPU
		{9331275D-FC5F-42FC-9E2E-81DC717A2F96}.Debug|Any CPU.Build.0 = Debug|Any CPU
		{9331275D-FC5F-42FC-9E2E-81DC717A2F96}.Debug|x64.ActiveCfg = Debug|Any CPU
		{9331275D-FC5F-42FC-9E2E-81DC717A2F96}.Debug|x64.Build.0 = Debug|Any CPU
		{9331275D-FC5F-42FC-9E2E-81DC717A2F96}.Debug|x86.ActiveCfg = Debug|Any CPU
		{9331275D-FC5F-42FC-9E2E-81DC717A2F96}.Debug|x86.Build.0 = Debug|Any CPU
		{9331275D-FC5F-42FC-9E2E-81DC717A2F96}.Release|Any CPU.ActiveCfg = Release|Any CPU
		{9331275D-FC5F-42FC-9E2E-81DC717A2F96}.Release|Any CPU.Build.0 = Release|Any CPU
		{9331275D-FC5F-42FC-9E2E-81DC717A2F96}.Release|x64.ActiveCfg = Release|Any CPU
		{9331275D-FC5F-42FC-9E2E-81DC717A2F96}.Release|x64.Build.0 = Release|Any CPU
		{9331275D-FC5F-42FC-9E2E-81DC717A2F96}.Release|x86.ActiveCfg = Release|Any CPU
		{9331275D-FC5F-42FC-9E2E-81DC717A2F96}.Release|x86.Build.0 = Release|Any CPU
		{EF93389D-44A7-481F-A40D-84A99AE2F6C7}.Debug|Any CPU.ActiveCfg = Debug|Any CPU
		{EF93389D-44A7-481F-A40D-84A99AE2F6C7}.Debug|Any CPU.Build.0 = Debug|Any CPU
		{EF93389D-44A7-481F-A40D-84A99AE2F6C7}.Debug|x64.ActiveCfg = Debug|Any CPU
		{EF93389D-44A7-481F-A40D-84A99AE2F6C7}.Debug|x64.Build.0 = Debug|Any CPU
		{EF93389D-44A7-481F-A40D-84A99AE2F6C7}.Debug|x86.ActiveCfg = Debug|Any CPU
		{EF93389D-44A7-481F-A40D-84A99AE2F6C7}.Debug|x86.Build.0 = Debug|Any CPU
		{EF93389D-44A7-481F-A40D-84A99AE2F6C7}.Release|Any CPU.ActiveCfg = Release|Any CPU
		{EF93389D-44A7-481F-A40D-84A99AE2F6C7}.Release|Any CPU.Build.0 = Release|Any CPU
		{EF93389D-44A7-481F-A40D-84A99AE2F6C7}.Release|x64.ActiveCfg = Release|Any CPU
		{EF93389D-44A7-481F-A40D-84A99AE2F6C7}.Release|x64.Build.0 = Release|Any CPU
		{EF93389D-44A7-481F-A40D-84A99AE2F6C7}.Release|x86.ActiveCfg = Release|Any CPU
		{EF93389D-44A7-481F-A40D-84A99AE2F6C7}.Release|x86.Build.0 = Release|Any CPU
		{930DDD7C-82D1-4A64-BFD4-1A9488E035DD}.Debug|Any CPU.ActiveCfg = Debug|Any CPU
		{930DDD7C-82D1-4A64-BFD4-1A9488E035DD}.Debug|Any CPU.Build.0 = Debug|Any CPU
		{930DDD7C-82D1-4A64-BFD4-1A9488E035DD}.Debug|x64.ActiveCfg = Debug|Any CPU
		{930DDD7C-82D1-4A64-BFD4-1A9488E035DD}.Debug|x64.Build.0 = Debug|Any CPU
		{930DDD7C-82D1-4A64-BFD4-1A9488E035DD}.Debug|x86.ActiveCfg = Debug|Any CPU
		{930DDD7C-82D1-4A64-BFD4-1A9488E035DD}.Debug|x86.Build.0 = Debug|Any CPU
		{930DDD7C-82D1-4A64-BFD4-1A9488E035DD}.Release|Any CPU.ActiveCfg = Release|Any CPU
		{930DDD7C-82D1-4A64-BFD4-1A9488E035DD}.Release|Any CPU.Build.0 = Release|Any CPU
		{930DDD7C-82D1-4A64-BFD4-1A9488E035DD}.Release|x64.ActiveCfg = Release|Any CPU
		{930DDD7C-82D1-4A64-BFD4-1A9488E035DD}.Release|x64.Build.0 = Release|Any CPU
		{930DDD7C-82D1-4A64-BFD4-1A9488E035DD}.Release|x86.ActiveCfg = Release|Any CPU
		{930DDD7C-82D1-4A64-BFD4-1A9488E035DD}.Release|x86.Build.0 = Release|Any CPU
		{0463748B-26E5-4EF8-8C83-57A80150F7EC}.Debug|Any CPU.ActiveCfg = Debug|Any CPU
		{0463748B-26E5-4EF8-8C83-57A80150F7EC}.Debug|Any CPU.Build.0 = Debug|Any CPU
		{0463748B-26E5-4EF8-8C83-57A80150F7EC}.Debug|x64.ActiveCfg = Debug|Any CPU
		{0463748B-26E5-4EF8-8C83-57A80150F7EC}.Debug|x64.Build.0 = Debug|Any CPU
		{0463748B-26E5-4EF8-8C83-57A80150F7EC}.Debug|x86.ActiveCfg = Debug|Any CPU
		{0463748B-26E5-4EF8-8C83-57A80150F7EC}.Debug|x86.Build.0 = Debug|Any CPU
		{0463748B-26E5-4EF8-8C83-57A80150F7EC}.Release|Any CPU.ActiveCfg = Release|Any CPU
		{0463748B-26E5-4EF8-8C83-57A80150F7EC}.Release|Any CPU.Build.0 = Release|Any CPU
		{0463748B-26E5-4EF8-8C83-57A80150F7EC}.Release|x64.ActiveCfg = Release|Any CPU
		{0463748B-26E5-4EF8-8C83-57A80150F7EC}.Release|x64.Build.0 = Release|Any CPU
		{0463748B-26E5-4EF8-8C83-57A80150F7EC}.Release|x86.ActiveCfg = Release|Any CPU
		{0463748B-26E5-4EF8-8C83-57A80150F7EC}.Release|x86.Build.0 = Release|Any CPU
		{4D59F058-AD13-4878-BD73-C64B479E7470}.Debug|Any CPU.ActiveCfg = Debug|Any CPU
		{4D59F058-AD13-4878-BD73-C64B479E7470}.Debug|Any CPU.Build.0 = Debug|Any CPU
		{4D59F058-AD13-4878-BD73-C64B479E7470}.Debug|x64.ActiveCfg = Debug|Any CPU
		{4D59F058-AD13-4878-BD73-C64B479E7470}.Debug|x64.Build.0 = Debug|Any CPU
		{4D59F058-AD13-4878-BD73-C64B479E7470}.Debug|x86.ActiveCfg = Debug|Any CPU
		{4D59F058-AD13-4878-BD73-C64B479E7470}.Debug|x86.Build.0 = Debug|Any CPU
		{4D59F058-AD13-4878-BD73-C64B479E7470}.Release|Any CPU.ActiveCfg = Release|Any CPU
		{4D59F058-AD13-4878-BD73-C64B479E7470}.Release|Any CPU.Build.0 = Release|Any CPU
		{4D59F058-AD13-4878-BD73-C64B479E7470}.Release|x64.ActiveCfg = Release|Any CPU
		{4D59F058-AD13-4878-BD73-C64B479E7470}.Release|x64.Build.0 = Release|Any CPU
		{4D59F058-AD13-4878-BD73-C64B479E7470}.Release|x86.ActiveCfg = Release|Any CPU
		{4D59F058-AD13-4878-BD73-C64B479E7470}.Release|x86.Build.0 = Release|Any CPU
	EndGlobalSection
	GlobalSection(SolutionProperties) = preSolution
		HideSolutionNode = FALSE
	EndGlobalSection
	GlobalSection(ExtensibilityGlobals) = postSolution
		SolutionGuid = {41509223-0F14-478A-8B31-B20E208D5201}
	EndGlobalSection
	GlobalSection(NestedProjects) = preSolution
		{EF93389D-44A7-481F-A40D-84A99AE2F6C7} = {1A315A6D-C645-4AD2-A4BA-38E8CFEA68B9}
		{930DDD7C-82D1-4A64-BFD4-1A9488E035DD} = {09E0F3EE-A40C-4519-8E16-88AB8710E802}
		{0463748B-26E5-4EF8-8C83-57A80150F7EC} = {09E0F3EE-A40C-4519-8E16-88AB8710E802}
		{4D59F058-AD13-4878-BD73-C64B479E7470} = {09E0F3EE-A40C-4519-8E16-88AB8710E802}
		{897FBA37-1D33-46EA-BCD6-CACDEE6BEDBD} = {09E0F3EE-A40C-4519-8E16-88AB8710E802}
		{09B58477-C3F9-4522-A533-B9F7EC008B8C} = {897FBA37-1D33-46EA-BCD6-CACDEE6BEDBD}
		{9331275D-FC5F-42FC-9E2E-81DC717A2F96} = {897FBA37-1D33-46EA-BCD6-CACDEE6BEDBD}
		{1A315A6D-C645-4AD2-A4BA-38E8CFEA68B9} = {09E0F3EE-A40C-4519-8E16-88AB8710E802}
	EndGlobalSection
EndGlobal
